
Microsoft Visual Studio Solution File, Format Version 12.00
# Visual Studio Version 16
VisualStudioVersion = 16.0.29009.5
MinimumVisualStudioVersion = 10.0.40219.1
Project("{FAE04EC0-301F-11D3-BF4B-00C04F79EFBC}") = "FullFramework1", "FullFramework1\FullFramework1.csproj", "{8446ABBE-D722-4275-9606-17A2C909079A}"
EndProject
Project("{FAE04EC0-301F-11D3-BF4B-00C04F79EFBC}") = "FullFramework2", "FullFramework2\FullFramework2.csproj", "{E8B6000E-6ED5-4755-8C6B-F1F4E5210AFC}"
EndProject
Project("{FAE04EC0-301F-11D3-BF4B-00C04F79EFBC}") = "FullFramework3", "FullFramework3\FullFramework3.csproj", "{40AD63B6-97FC-4F6C-A485-5375E8EFCDBC}"
EndProject
Project("{FAE04EC0-301F-11D3-BF4B-00C04F79EFBC}") = "PackageReferenceProject", "PackageReferenceProject\PackageReferenceProject.csproj", "{F3295269-C2C6-4B40-88E8-98FE697114AA}"
EndProject
Project("{FAE04EC0-301F-11D3-BF4B-00C04F79EFBC}") = "CentralPackageManagementProject", "CentralPackageManagementProject\CentralPackageManagementProject.csproj", "{8D46AE3E-A79A-4A8A-9264-C16C0DA7DB08}"
EndProject
Global
	GlobalSection(SolutionConfigurationPlatforms) = preSolution
		Debug|Any CPU = Debug|Any CPU
		Release|Any CPU = Release|Any CPU
	EndGlobalSection
	GlobalSection(ProjectConfigurationPlatforms) = postSolution
		{8446ABBE-D722-4275-9606-17A2C909079A}.Debug|Any CPU.ActiveCfg = Debug|Any CPU
		{8446ABBE-D722-4275-9606-17A2C909079A}.Debug|Any CPU.Build.0 = Debug|Any CPU
		{8446ABBE-D722-4275-9606-17A2C909079A}.Release|Any CPU.ActiveCfg = Release|Any CPU
		{8446ABBE-D722-4275-9606-17A2C909079A}.Release|Any CPU.Build.0 = Release|Any CPU
		{E8B6000E-6ED5-4755-8C6B-F1F4E5210AFC}.Debug|Any CPU.ActiveCfg = Debug|Any CPU
		{E8B6000E-6ED5-4755-8C6B-F1F4E5210AFC}.Debug|Any CPU.Build.0 = Debug|Any CPU
		{E8B6000E-6ED5-4755-8C6B-F1F4E5210AFC}.Release|Any CPU.ActiveCfg = Release|Any CPU
		{E8B6000E-6ED5-4755-8C6B-F1F4E5210AFC}.Release|Any CPU.Build.0 = Release|Any CPU
		{40AD63B6-97FC-4F6C-A485-5375E8EFCDBC}.Debug|Any CPU.ActiveCfg = Debug|Any CPU
		{40AD63B6-97FC-4F6C-A485-5375E8EFCDBC}.Debug|Any CPU.Build.0 = Debug|Any CPU
		{40AD63B6-97FC-4F6C-A485-5375E8EFCDBC}.Release|Any CPU.ActiveCfg = Release|Any CPU
		{40AD63B6-97FC-4F6C-A485-5375E8EFCDBC}.Release|Any CPU.Build.0 = Release|Any CPU
		{F3295269-C2C6-4B40-88E8-98FE697114AA}.Debug|Any CPU.ActiveCfg = Debug|Any CPU
		{F3295269-C2C6-4B40-88E8-98FE697114AA}.Debug|Any CPU.Build.0 = Debug|Any CPU
		{F3295269-C2C6-4B40-88E8-98FE697114AA}.Release|Any CPU.ActiveCfg = Release|Any CPU
		{F3295269-C2C6-4B40-88E8-98FE697114AA}.Release|Any CPU.Build.0 = Release|Any CPU
		{8D46AE3E-A79A-4A8A-9264-C16C0DA7DB08}.Debug|Any CPU.ActiveCfg = Debug|Any CPU
		{8D46AE3E-A79A-4A8A-9264-C16C0DA7DB08}.Debug|Any CPU.Build.0 = Debug|Any CPU
		{8D46AE3E-A79A-4A8A-9264-C16C0DA7DB08}.Release|Any CPU.ActiveCfg = Release|Any CPU
		{8D46AE3E-A79A-4A8A-9264-C16C0DA7DB08}.Release|Any CPU.Build.0 = Release|Any CPU
	EndGlobalSection
	GlobalSection(SolutionProperties) = preSolution
		HideSolutionNode = FALSE
	EndGlobalSection
	GlobalSection(ExtensibilityGlobals) = postSolution
		SolutionGuid = {3EDB4AC9-90E1-45FB-9C65-AF8336A88CA5}
	EndGlobalSection
EndGlobal
